
Microsoft Visual Studio Solution File, Format Version 12.00
# Visual Studio Version 17
VisualStudioVersion = 17.4.33110.190
MinimumVisualStudioVersion = 10.0.40219.1
Project("{FAE04EC0-301F-11D3-BF4B-00C04F79EFBC}") = "TaibStore", "TaibStore\TaibStore.csproj", "{0B78E86B-1D29-4D20-81F6-EB82417A1389}"
EndProject
Project("{FAE04EC0-301F-11D3-BF4B-00C04F79EFBC}") = "TaibStore.Model", "TaibStore.Model\TaibStore.Model.csproj", "{7A403B8F-F2CB-4016-9434-6149E8C6B5A9}"
EndProject
Project("{FAE04EC0-301F-11D3-BF4B-00C04F79EFBC}") = "TaibStore.DataAccess", "TaibStore.DataAccess\TaibStore.DataAccess.csproj", "{06AE7A46-A71F-4045-85F2-8E6871788180}"
EndProject
Global
	GlobalSection(SolutionConfigurationPlatforms) = preSolution
		Debug|Any CPU = Debug|Any CPU
		Release|Any CPU = Release|Any CPU
	EndGlobalSection
	GlobalSection(ProjectConfigurationPlatforms) = postSolution
		{0B78E86B-1D29-4D20-81F6-EB82417A1389}.Debug|Any CPU.ActiveCfg = Debug|Any CPU
		{0B78E86B-1D29-4D20-81F6-EB82417A1389}.Debug|Any CPU.Build.0 = Debug|Any CPU
		{0B78E86B-1D29-4D20-81F6-EB82417A1389}.Release|Any CPU.ActiveCfg = Release|Any CPU
		{0B78E86B-1D29-4D20-81F6-EB82417A1389}.Release|Any CPU.Build.0 = Release|Any CPU
		{7A403B8F-F2CB-4016-9434-6149E8C6B5A9}.Debug|Any CPU.ActiveCfg = Debug|Any CPU
		{7A403B8F-F2CB-4016-9434-6149E8C6B5A9}.Debug|Any CPU.Build.0 = Debug|Any CPU
		{7A403B8F-F2CB-4016-9434-6149E8C6B5A9}.Release|Any CPU.ActiveCfg = Release|Any CPU
		{7A403B8F-F2CB-4016-9434-6149E8C6B5A9}.Release|Any CPU.Build.0 = Release|Any CPU
		{06AE7A46-A71F-4045-85F2-8E6871788180}.Debug|Any CPU.ActiveCfg = Debug|Any CPU
		{06AE7A46-A71F-4045-85F2-8E6871788180}.Debug|Any CPU.Build.0 = Debug|Any CPU
		{06AE7A46-A71F-4045-85F2-8E6871788180}.Release|Any CPU.ActiveCfg = Release|Any CPU
		{06AE7A46-A71F-4045-85F2-8E6871788180}.Release|Any CPU.Build.0 = Release|Any CPU
	EndGlobalSection
	GlobalSection(SolutionProperties) = preSolution
		HideSolutionNode = FALSE
	EndGlobalSection
	GlobalSection(ExtensibilityGlobals) = postSolution
		SolutionGuid = {789171F0-7DD3-48B8-B998-7B6F0ABF93E6}
	EndGlobalSection
EndGlobal
